
Microsoft Visual Studio Solution File, Format Version 12.00
# Visual Studio Version 16
VisualStudioVersion = 16.0.28729.10
MinimumVisualStudioVersion = 10.0.40219.1
Project("{9A19103F-16F7-4668-BE54-9A1E7A4F7556}") = "Gold.Redis.Common", "Gold.Redis.Common\Gold.Redis.Common.csproj", "{5C4E1785-742A-4BB7-8E5F-507B55DB8A7D}"
EndProject
Project("{9A19103F-16F7-4668-BE54-9A1E7A4F7556}") = "Gold.Redis.LowLevelClient", "Gold.Redis.LowLevelClient\Gold.Redis.LowLevelClient.csproj", "{4385193F-FA62-4475-ACAD-E9DF7CFB1162}"
EndProject
Project("{9A19103F-16F7-4668-BE54-9A1E7A4F7556}") = "Gold.Redis.HighLevelClient", "Gold.Redis.HighLevelClient\Gold.Redis.HighLevelClient.csproj", "{8C11175B-3DF1-469B-8131-DE36C169FD9F}"
EndProject
Project("{FAE04EC0-301F-11D3-BF4B-00C04F79EFBC}") = "Gold.Redis.IntegrationsTests", "Gold.Redis.IntegrationsTests\Gold.Redis.IntegrationsTests.csproj", "{95F4CB24-2E96-4083-97AC-D7E57AF0701E}"
EndProject
Global
	GlobalSection(SolutionConfigurationPlatforms) = preSolution
		Debug|Any CPU = Debug|Any CPU
		Release|Any CPU = Release|Any CPU
	EndGlobalSection
	GlobalSection(ProjectConfigurationPlatforms) = postSolution
		{5C4E1785-742A-4BB7-8E5F-507B55DB8A7D}.Debug|Any CPU.ActiveCfg = Debug|Any CPU
		{5C4E1785-742A-4BB7-8E5F-507B55DB8A7D}.Debug|Any CPU.Build.0 = Debug|Any CPU
		{5C4E1785-742A-4BB7-8E5F-507B55DB8A7D}.Release|Any CPU.ActiveCfg = Release|Any CPU
		{5C4E1785-742A-4BB7-8E5F-507B55DB8A7D}.Release|Any CPU.Build.0 = Release|Any CPU
		{4385193F-FA62-4475-ACAD-E9DF7CFB1162}.Debug|Any CPU.ActiveCfg = Debug|Any CPU
		{4385193F-FA62-4475-ACAD-E9DF7CFB1162}.Debug|Any CPU.Build.0 = Debug|Any CPU
		{4385193F-FA62-4475-ACAD-E9DF7CFB1162}.Release|Any CPU.ActiveCfg = Release|Any CPU
		{4385193F-FA62-4475-ACAD-E9DF7CFB1162}.Release|Any CPU.Build.0 = Release|Any CPU
		{8C11175B-3DF1-469B-8131-DE36C169FD9F}.Debug|Any CPU.ActiveCfg = Debug|Any CPU
		{8C11175B-3DF1-469B-8131-DE36C169FD9F}.Debug|Any CPU.Build.0 = Debug|Any CPU
		{8C11175B-3DF1-469B-8131-DE36C169FD9F}.Release|Any CPU.ActiveCfg = Release|Any CPU
		{8C11175B-3DF1-469B-8131-DE36C169FD9F}.Release|Any CPU.Build.0 = Release|Any CPU
		{95F4CB24-2E96-4083-97AC-D7E57AF0701E}.Debug|Any CPU.ActiveCfg = Debug|Any CPU
		{95F4CB24-2E96-4083-97AC-D7E57AF0701E}.Debug|Any CPU.Build.0 = Debug|Any CPU
		{95F4CB24-2E96-4083-97AC-D7E57AF0701E}.Release|Any CPU.ActiveCfg = Release|Any CPU
		{95F4CB24-2E96-4083-97AC-D7E57AF0701E}.Release|Any CPU.Build.0 = Release|Any CPU
	EndGlobalSection
	GlobalSection(SolutionProperties) = preSolution
		HideSolutionNode = FALSE
	EndGlobalSection
	GlobalSection(ExtensibilityGlobals) = postSolution
		SolutionGuid = {D0DB07B3-3334-4670-AE10-A94A3A11186B}
	EndGlobalSection
EndGlobal
